{
  "version": 1,
  "dependencies": {
    "net10.0": {
      "Hl7.Fhir.R4": {
        "type": "Direct",
        "requested": "[6.6.0, )",
        "resolved": "6.6.0",
        "contentHash": "++RpQMkqeVA2Nh99nJKt+gN2z3uBi+uusro+MbY6MiBzeC/IhQp/2LLX7lSd0MHGfILEZqVBZKgYVcRQcYtsEg==",
        "dependencies": {
          "Hl7.Fhir.Conformance": "6.6.0"
        }
      },
      "Fhir.Metrics": {
        "type": "Transitive",
        "resolved": "1.4.0",
        "contentHash": "SxpoHR46khpzQG4rOX+rJduPeuH3h9rEpEoguraOft24E0tMnnDk8CuTMVF3fMudsdyo5addKBf+wGngWHwgOQ=="
      },
      "Hl7.Fhir.Base": {
        "type": "Transitive",
        "resolved": "6.6.0",
        "contentHash": "LS4RUWvKAZ6JsR5kPQuO1lTRlN/bSEI9G06mNUOXNR1iR0TJarPcqzB8Me3EVTuuuzOyW71U1CWsULoOAHbp3w==",
        "dependencies": {
          "Fhir.Metrics": "1.4.0",
          "Newtonsoft.Json": "13.0.4",
          "System.ComponentModel.Annotations": "5.0.0"
        }
      },
      "Hl7.Fhir.Conformance": {
        "type": "Transitive",
        "resolved": "6.6.0",
        "contentHash": "NMf9T6ap3T5QIMup87edkppZA8feWf+6XCIWxHKWnbfNyUZeyMcdOzA4OgR48Rp4dxvMyG67tNyDVDwdN+yIvA==",
        "dependencies": {
          "Hl7.Fhir.Base": "6.6.0"
        }
      },
      "Newtonsoft.Json": {
        "type": "Transitive",
        "resolved": "13.0.4",
        "contentHash": "pdgNNMai3zv51W5aq268sujXUyx7SNdE2bj1wZcWjAQrKMFZV260lbqYop1d2GM67JI1huLRwxo9ZqnfF/lC6A=="
      },
      "System.ComponentModel.Annotations": {
        "type": "Transitive",
        "resolved": "5.0.0",
        "contentHash": "dMkqfy2el8A8/I76n2Hi1oBFEbG1SfxD2l5nhwXV3XjlnOmwxJlQbYpJH4W51odnU9sARCSAgv7S3CyAFMkpYg=="
      }
    }
  }
}